
Microsoft Visual Studio Solution File, Format Version 12.00
# Visual Studio Version 16
VisualStudioVersion = 16.0.30225.117
MinimumVisualStudioVersion = 10.0.40219.1
Project("{2150E333-8FDC-42A3-9474-1A3956D46DE8}") = "MultiThread", "MultiThread", "{C4162CE2-01FF-37F4-C05B-5E3988AB145D}"
EndProject
Project("{2150E333-8FDC-42A3-9474-1A3956D46DE8}") = "RabbitMQ", "RabbitMQ", "{AFAA0841-BD93-466F-B8F4-FB4EEC86F1FC}"
EndProject
Project("{2150E333-8FDC-42A3-9474-1A3956D46DE8}") = "Redis", "Redis", "{09DBDCA6-C2A8-E05F-5DAB-2D7E9C7BD1A3}"
EndProject
Project("{2150E333-8FDC-42A3-9474-1A3956D46DE8}") = "CommonLib", "CommonLib", "{7CF907A3-3BC8-D916-93EB-9731EE72D1C9}"
EndProject
Project("{2150E333-8FDC-42A3-9474-1A3956D46DE8}") = "DataProtection", "DataProtection", "{485341EE-1A70-58C9-8586-222FDA911D63}"
EndProject
Project("{9A19103F-16F7-4668-BE54-9A1E7A4F7556}") = "CodeSnippet", "CodeSnippet\CodeSnippet.csproj", "{75A1E9CC-74DE-42DA-84DE-E8619C83A1EC}"
EndProject
Project("{9A19103F-16F7-4668-BE54-9A1E7A4F7556}") = "RabbitMQPublisher", "RabbitMQ\RabbitMQPublisher\RabbitMQPublisher.csproj", "{3753E0C9-5034-4142-A2EA-733A843A13CB}"
EndProject
Project("{9A19103F-16F7-4668-BE54-9A1E7A4F7556}") = "RabbitMQConsumerClient1", "RabbitMQ\RabbitMQConsumerClient1\RabbitMQConsumerClient1.csproj", "{32D954F7-D5EE-4BB8-A6E0-B47E4956E40A}"
EndProject
Project("{9A19103F-16F7-4668-BE54-9A1E7A4F7556}") = "RabbitMQConsumerClient2", "RabbitMQ\RabbitMQConsumerClient2\RabbitMQConsumerClient2.csproj", "{6092DDF1-508E-4C4C-B1AB-7363DB9DFC24}"
EndProject
Project("{9A19103F-16F7-4668-BE54-9A1E7A4F7556}") = "ThreadTests", "MultiThreading\ThreadTests\ThreadTests.csproj", "{FFFBEBAB-697E-4A34-8A30-FD5AB31D5011}"
EndProject
Project("{9A19103F-16F7-4668-BE54-9A1E7A4F7556}") = "WebApp01", "DataProtection\WebApp01\WebApp01.csproj", "{799565E2-1147-44E2-A027-F6FA72EC02A8}"
EndProject
Project("{9A19103F-16F7-4668-BE54-9A1E7A4F7556}") = "GeneratingCiphertext.Console", "DataProtection\GeneratingCiphertext.Console\GeneratingCiphertext.Console.csproj", "{1B0FDC3D-3935-496D-982A-841E8B37C7DF}"
EndProject
Project("{9A19103F-16F7-4668-BE54-9A1E7A4F7556}") = "RedisPublisher", "Redis\RedisPublisher\RedisPublisher.csproj", "{B4DB4152-B7D7-4A16-BB90-69E39660B4B4}"
EndProject
Project("{9A19103F-16F7-4668-BE54-9A1E7A4F7556}") = "RedisCustomer", "Redis\RedisCustomer\RedisCustomer.csproj", "{03EE0756-0F74-4856-AE52-524DB2E0A91F}"
EndProject
Project("{9A19103F-16F7-4668-BE54-9A1E7A4F7556}") = "CommonLib", "CommonLib\CommonLib\CommonLib.csproj", "{C62CF0D1-52E2-49B1-90CB-1619D98265EB}"
EndProject
Global
	GlobalSection(SolutionConfigurationPlatforms) = preSolution
		Debug|Any CPU = Debug|Any CPU
		Release|Any CPU = Release|Any CPU
	EndGlobalSection
	GlobalSection(ProjectConfigurationPlatforms) = postSolution
		{75A1E9CC-74DE-42DA-84DE-E8619C83A1EC}.Debug|Any CPU.ActiveCfg = Debug|Any CPU
		{75A1E9CC-74DE-42DA-84DE-E8619C83A1EC}.Debug|Any CPU.Build.0 = Debug|Any CPU
		{75A1E9CC-74DE-42DA-84DE-E8619C83A1EC}.Release|Any CPU.ActiveCfg = Release|Any CPU
		{75A1E9CC-74DE-42DA-84DE-E8619C83A1EC}.Release|Any CPU.Build.0 = Release|Any CPU
		{3753E0C9-5034-4142-A2EA-733A843A13CB}.Debug|Any CPU.ActiveCfg = Debug|Any CPU
		{3753E0C9-5034-4142-A2EA-733A843A13CB}.Debug|Any CPU.Build.0 = Debug|Any CPU
		{3753E0C9-5034-4142-A2EA-733A843A13CB}.Release|Any CPU.ActiveCfg = Release|Any CPU
		{3753E0C9-5034-4142-A2EA-733A843A13CB}.Release|Any CPU.Build.0 = Release|Any CPU
		{32D954F7-D5EE-4BB8-A6E0-B47E4956E40A}.Debug|Any CPU.ActiveCfg = Debug|Any CPU
		{32D954F7-D5EE-4BB8-A6E0-B47E4956E40A}.Debug|Any CPU.Build.0 = Debug|Any CPU
		{32D954F7-D5EE-4BB8-A6E0-B47E4956E40A}.Release|Any CPU.ActiveCfg = Release|Any CPU
		{32D954F7-D5EE-4BB8-A6E0-B47E4956E40A}.Release|Any CPU.Build.0 = Release|Any CPU
		{6092DDF1-508E-4C4C-B1AB-7363DB9DFC24}.Debug|Any CPU.ActiveCfg = Debug|Any CPU
		{6092DDF1-508E-4C4C-B1AB-7363DB9DFC24}.Debug|Any CPU.Build.0 = Debug|Any CPU
		{6092DDF1-508E-4C4C-B1AB-7363DB9DFC24}.Release|Any CPU.ActiveCfg = Release|Any CPU
		{6092DDF1-508E-4C4C-B1AB-7363DB9DFC24}.Release|Any CPU.Build.0 = Release|Any CPU
		{FFFBEBAB-697E-4A34-8A30-FD5AB31D5011}.Debug|Any CPU.ActiveCfg = Debug|Any CPU
		{FFFBEBAB-697E-4A34-8A30-FD5AB31D5011}.Debug|Any CPU.Build.0 = Debug|Any CPU
		{FFFBEBAB-697E-4A34-8A30-FD5AB31D5011}.Release|Any CPU.ActiveCfg = Release|Any CPU
		{FFFBEBAB-697E-4A34-8A30-FD5AB31D5011}.Release|Any CPU.Build.0 = Release|Any CPU
		{799565E2-1147-44E2-A027-F6FA72EC02A8}.Debug|Any CPU.ActiveCfg = Debug|Any CPU
		{799565E2-1147-44E2-A027-F6FA72EC02A8}.Debug|Any CPU.Build.0 = Debug|Any CPU
		{799565E2-1147-44E2-A027-F6FA72EC02A8}.Release|Any CPU.ActiveCfg = Release|Any CPU
		{799565E2-1147-44E2-A027-F6FA72EC02A8}.Release|Any CPU.Build.0 = Release|Any CPU
		{1B0FDC3D-3935-496D-982A-841E8B37C7DF}.Debug|Any CPU.ActiveCfg = Debug|Any CPU
		{1B0FDC3D-3935-496D-982A-841E8B37C7DF}.Debug|Any CPU.Build.0 = Debug|Any CPU
		{1B0FDC3D-3935-496D-982A-841E8B37C7DF}.Release|Any CPU.ActiveCfg = Release|Any CPU
		{1B0FDC3D-3935-496D-982A-841E8B37C7DF}.Release|Any CPU.Build.0 = Release|Any CPU
		{B4DB4152-B7D7-4A16-BB90-69E39660B4B4}.Debug|Any CPU.ActiveCfg = Debug|Any CPU
		{B4DB4152-B7D7-4A16-BB90-69E39660B4B4}.Debug|Any CPU.Build.0 = Debug|Any CPU
		{B4DB4152-B7D7-4A16-BB90-69E39660B4B4}.Release|Any CPU.ActiveCfg = Release|Any CPU
		{B4DB4152-B7D7-4A16-BB90-69E39660B4B4}.Release|Any CPU.Build.0 = Release|Any CPU
		{03EE0756-0F74-4856-AE52-524DB2E0A91F}.Debug|Any CPU.ActiveCfg = Debug|Any CPU
		{03EE0756-0F74-4856-AE52-524DB2E0A91F}.Debug|Any CPU.Build.0 = Debug|Any CPU
		{03EE0756-0F74-4856-AE52-524DB2E0A91F}.Release|Any CPU.ActiveCfg = Release|Any CPU
		{03EE0756-0F74-4856-AE52-524DB2E0A91F}.Release|Any CPU.Build.0 = Release|Any CPU
		{C62CF0D1-52E2-49B1-90CB-1619D98265EB}.Debug|Any CPU.ActiveCfg = Debug|Any CPU
		{C62CF0D1-52E2-49B1-90CB-1619D98265EB}.Debug|Any CPU.Build.0 = Debug|Any CPU
		{C62CF0D1-52E2-49B1-90CB-1619D98265EB}.Release|Any CPU.ActiveCfg = Release|Any CPU
		{C62CF0D1-52E2-49B1-90CB-1619D98265EB}.Release|Any CPU.Build.0 = Release|Any CPU
	EndGlobalSection
	GlobalSection(SolutionProperties) = preSolution
		HideSolutionNode = FALSE
	EndGlobalSection
	GlobalSection(NestedProjects) = preSolution
		{3753E0C9-5034-4142-A2EA-733A843A13CB} = {AFAA0841-BD93-466F-B8F4-FB4EEC86F1FC}
		{32D954F7-D5EE-4BB8-A6E0-B47E4956E40A} = {AFAA0841-BD93-466F-B8F4-FB4EEC86F1FC}
		{6092DDF1-508E-4C4C-B1AB-7363DB9DFC24} = {AFAA0841-BD93-466F-B8F4-FB4EEC86F1FC}
		{FFFBEBAB-697E-4A34-8A30-FD5AB31D5011} = {C4162CE2-01FF-37F4-C05B-5E3988AB145D}
		{799565E2-1147-44E2-A027-F6FA72EC02A8} = {485341EE-1A70-58C9-8586-222FDA911D63}
		{1B0FDC3D-3935-496D-982A-841E8B37C7DF} = {485341EE-1A70-58C9-8586-222FDA911D63}
		{B4DB4152-B7D7-4A16-BB90-69E39660B4B4} = {09DBDCA6-C2A8-E05F-5DAB-2D7E9C7BD1A3}
		{03EE0756-0F74-4856-AE52-524DB2E0A91F} = {09DBDCA6-C2A8-E05F-5DAB-2D7E9C7BD1A3}
		{C62CF0D1-52E2-49B1-90CB-1619D98265EB} = {7CF907A3-3BC8-D916-93EB-9731EE72D1C9}
	EndGlobalSection
	GlobalSection(ExtensibilityGlobals) = postSolution
		SolutionGuid = {A3AEF608-81D4-4318-8D24-3C038E497705}
	EndGlobalSection
EndGlobal
